
Microsoft Visual Studio Solution File, Format Version 12.00
# Visual Studio Version 16
VisualStudioVersion = 16.0.30907.101
MinimumVisualStudioVersion = 10.0.40219.1
Project("{FAE04EC0-301F-11D3-BF4B-00C04F79EFBC}") = "LumionParser", "LumionParser\LumionParser.csproj", "{13B280D5-A524-42C7-ADDC-B8D799019A09}"
EndProject
Global
	GlobalSection(SolutionConfigurationPlatforms) = preSolution
		Debug|Any CPU = Debug|Any CPU
		Release|Any CPU = Release|Any CPU
	EndGlobalSection
	GlobalSection(ProjectConfigurationPlatforms) = postSolution
		{13B280D5-A524-42C7-ADDC-B8D799019A09}.Debug|Any CPU.ActiveCfg = Debug|Any CPU
		{13B280D5-A524-42C7-ADDC-B8D799019A09}.Debug|Any CPU.Build.0 = Debug|Any CPU
		{13B280D5-A524-42C7-ADDC-B8D799019A09}.Release|Any CPU.ActiveCfg = Release|Any CPU
		{13B280D5-A524-42C7-ADDC-B8D799019A09}.Release|Any CPU.Build.0 = Release|Any CPU
	EndGlobalSection
	GlobalSection(SolutionProperties) = preSolution
		HideSolutionNode = FALSE
	EndGlobalSection
	GlobalSection(ExtensibilityGlobals) = postSolution
		SolutionGuid = {440FE569-A624-4146-9A10-8B9EF4BD06B1}
	EndGlobalSection
EndGlobal
